
Microsoft Visual Studio Solution File, Format Version 12.00
# Visual Studio 15
VisualStudioVersion = 15.0.27130.2003
MinimumVisualStudioVersion = 10.0.40219.1
Project("{FAE04EC0-301F-11D3-BF4B-00C04F79EFBC}") = "cshlvl1", "cshlvl1\cshlvl1.csproj", "{7A49782D-DC88-4970-8745-D9E494DD8FC9}"
EndProject
Project("{FAE04EC0-301F-11D3-BF4B-00C04F79EFBC}") = "HomeWork-1", "HomeWork-1\HomeWork-1.csproj", "{8CAD8AA2-43FA-4DF0-9465-D0A8456ECE11}"
EndProject
Project("{FAE04EC0-301F-11D3-BF4B-00C04F79EFBC}") = "HomeWork-2", "HomeWork-2\HomeWork-2.csproj", "{71C3089E-0513-43AB-908E-4759D8684345}"
EndProject
Project("{FAE04EC0-301F-11D3-BF4B-00C04F79EFBC}") = "HomeWork-3", "HomeWork-3\HomeWork-3.csproj", "{7CB05747-4921-4B5E-9645-39D34EA08071}"
EndProject
Project("{FAE04EC0-301F-11D3-BF4B-00C04F79EFBC}") = "HomeWork-4", "HomeWork-4\HomeWork-4.csproj", "{FE7C8252-7ED5-40CD-900E-89FD7E898011}"
EndProject
Project("{FAE04EC0-301F-11D3-BF4B-00C04F79EFBC}") = "HomeWork-5", "HomeWork-5\HomeWork-5.csproj", "{D1F00505-C43C-4CDC-B782-DFA349BBE32A}"
EndProject
Project("{FAE04EC0-301F-11D3-BF4B-00C04F79EFBC}") = "HomeWork-6", "HomeWork-6\HomeWork-6.csproj", "{BD2B531B-8D25-4E24-86AE-746E59DDA0C2}"
EndProject
Project("{FAE04EC0-301F-11D3-BF4B-00C04F79EFBC}") = "HomeWork-7", "HomeWork-7\HomeWork-7.csproj", "{C69271A2-2476-415B-B2BE-9B243C4EA0A1}"
EndProject
Project("{FAE04EC0-301F-11D3-BF4B-00C04F79EFBC}") = "BelieveOrNotBelieve", "BelieveOrNotBelieve\BelieveOrNotBelieve.csproj", "{0EECE38B-CACD-497B-B20E-8FC5C41E9C6B}"
EndProject
Project("{2150E333-8FDC-42A3-9474-1A3956D46DE8}") = "Csh-Lvl-2", "Csh-Lvl-2", "{81A1CC23-64F7-4F57-911A-B17AD86CF7FD}"
EndProject
Project("{2150E333-8FDC-42A3-9474-1A3956D46DE8}") = "Csh-Lvl-1", "Csh-Lvl-1", "{6D489573-EDCD-47B1-8F60-A6C1960385AD}"
EndProject
Project("{FAE04EC0-301F-11D3-BF4B-00C04F79EFBC}") = "Main", "Lesson-1\Main.csproj", "{A34F067F-D0CB-485F-BF62-9C9B91857896}"
EndProject
Project("{FAE04EC0-301F-11D3-BF4B-00C04F79EFBC}") = "HomeWork-2-1", "HomeWork-2-1\HomeWork-2-1.csproj", "{264BB1AE-BC87-4773-AFCF-BA5E95DE031F}"
EndProject
Project("{FAE04EC0-301F-11D3-BF4B-00C04F79EFBC}") = "HomeWork-2-4", "HomeWork-2-4\HomeWork-2-4.csproj", "{F6EDA753-85D0-42FB-B72D-CF486F935CB4}"
EndProject
Project("{FAE04EC0-301F-11D3-BF4B-00C04F79EFBC}") = "HomeWork-2-5", "HomeWork-2-5\HomeWork-2-5.csproj", "{C5B08123-77E2-4ECA-92DA-D19108CF4BCB}"
EndProject
Project("{FAE04EC0-301F-11D3-BF4B-00C04F79EFBC}") = "HomeWork-2-6", "HomeWork-2-6\HomeWork-2-6.csproj", "{C8277925-F15D-4ACF-83E3-11183C6258A1}"
EndProject
Project("{FAE04EC0-301F-11D3-BF4B-00C04F79EFBC}") = "HomeWork-2-8", "HomeWork-2-8\HomeWork-2-8.csproj", "{36E725D1-0157-4E3C-A1BA-4D12C269F55C}"
EndProject
Project("{FAE04EC0-301F-11D3-BF4B-00C04F79EFBC}") = "HomeWork-2-8-Client", "HomeWork-2-8-Client\HomeWork-2-8-Client.csproj", "{BD8CC59B-4020-4CAE-A4D4-C126B86EB39B}"
	ProjectSection(ProjectDependencies) = postProject
		{36E725D1-0157-4E3C-A1BA-4D12C269F55C} = {36E725D1-0157-4E3C-A1BA-4D12C269F55C}
	EndProjectSection
EndProject
Project("{FAE04EC0-301F-11D3-BF4B-00C04F79EFBC}") = "WebApiService", "WebApiService\WebApiService.csproj", "{4CA45F53-887E-4CB0-B2C9-83860EDA01D9}"
EndProject
Project("{FAE04EC0-301F-11D3-BF4B-00C04F79EFBC}") = "WebApiClient", "WebApiClient\WebApiClient.csproj", "{23E1A4F5-0C9F-4EDB-9879-4F8F30518411}"
EndProject
Global
	GlobalSection(SolutionConfigurationPlatforms) = preSolution
		Debug|Any CPU = Debug|Any CPU
		Release|Any CPU = Release|Any CPU
	EndGlobalSection
	GlobalSection(ProjectConfigurationPlatforms) = postSolution
		{7A49782D-DC88-4970-8745-D9E494DD8FC9}.Debug|Any CPU.ActiveCfg = Debug|Any CPU
		{7A49782D-DC88-4970-8745-D9E494DD8FC9}.Debug|Any CPU.Build.0 = Debug|Any CPU
		{7A49782D-DC88-4970-8745-D9E494DD8FC9}.Release|Any CPU.ActiveCfg = Release|Any CPU
		{7A49782D-DC88-4970-8745-D9E494DD8FC9}.Release|Any CPU.Build.0 = Release|Any CPU
		{8CAD8AA2-43FA-4DF0-9465-D0A8456ECE11}.Debug|Any CPU.ActiveCfg = Debug|Any CPU
		{8CAD8AA2-43FA-4DF0-9465-D0A8456ECE11}.Debug|Any CPU.Build.0 = Debug|Any CPU
		{8CAD8AA2-43FA-4DF0-9465-D0A8456ECE11}.Release|Any CPU.ActiveCfg = Release|Any CPU
		{8CAD8AA2-43FA-4DF0-9465-D0A8456ECE11}.Release|Any CPU.Build.0 = Release|Any CPU
		{71C3089E-0513-43AB-908E-4759D8684345}.Debug|Any CPU.ActiveCfg = Debug|Any CPU
		{71C3089E-0513-43AB-908E-4759D8684345}.Debug|Any CPU.Build.0 = Debug|Any CPU
		{71C3089E-0513-43AB-908E-4759D8684345}.Release|Any CPU.ActiveCfg = Release|Any CPU
		{71C3089E-0513-43AB-908E-4759D8684345}.Release|Any CPU.Build.0 = Release|Any CPU
		{7CB05747-4921-4B5E-9645-39D34EA08071}.Debug|Any CPU.ActiveCfg = Debug|Any CPU
		{7CB05747-4921-4B5E-9645-39D34EA08071}.Debug|Any CPU.Build.0 = Debug|Any CPU
		{7CB05747-4921-4B5E-9645-39D34EA08071}.Release|Any CPU.ActiveCfg = Release|Any CPU
		{7CB05747-4921-4B5E-9645-39D34EA08071}.Release|Any CPU.Build.0 = Release|Any CPU
		{FE7C8252-7ED5-40CD-900E-89FD7E898011}.Debug|Any CPU.ActiveCfg = Debug|Any CPU
		{FE7C8252-7ED5-40CD-900E-89FD7E898011}.Debug|Any CPU.Build.0 = Debug|Any CPU
		{FE7C8252-7ED5-40CD-900E-89FD7E898011}.Release|Any CPU.ActiveCfg = Release|Any CPU
		{FE7C8252-7ED5-40CD-900E-89FD7E898011}.Release|Any CPU.Build.0 = Release|Any CPU
		{D1F00505-C43C-4CDC-B782-DFA349BBE32A}.Debug|Any CPU.ActiveCfg = Debug|Any CPU
		{D1F00505-C43C-4CDC-B782-DFA349BBE32A}.Debug|Any CPU.Build.0 = Debug|Any CPU
		{D1F00505-C43C-4CDC-B782-DFA349BBE32A}.Release|Any CPU.ActiveCfg = Release|Any CPU
		{D1F00505-C43C-4CDC-B782-DFA349BBE32A}.Release|Any CPU.Build.0 = Release|Any CPU
		{BD2B531B-8D25-4E24-86AE-746E59DDA0C2}.Debug|Any CPU.ActiveCfg = Debug|Any CPU
		{BD2B531B-8D25-4E24-86AE-746E59DDA0C2}.Debug|Any CPU.Build.0 = Debug|Any CPU
		{BD2B531B-8D25-4E24-86AE-746E59DDA0C2}.Release|Any CPU.ActiveCfg = Release|Any CPU
		{BD2B531B-8D25-4E24-86AE-746E59DDA0C2}.Release|Any CPU.Build.0 = Release|Any CPU
		{C69271A2-2476-415B-B2BE-9B243C4EA0A1}.Debug|Any CPU.ActiveCfg = Debug|Any CPU
		{C69271A2-2476-415B-B2BE-9B243C4EA0A1}.Debug|Any CPU.Build.0 = Debug|Any CPU
		{C69271A2-2476-415B-B2BE-9B243C4EA0A1}.Release|Any CPU.ActiveCfg = Release|Any CPU
		{C69271A2-2476-415B-B2BE-9B243C4EA0A1}.Release|Any CPU.Build.0 = Release|Any CPU
		{0EECE38B-CACD-497B-B20E-8FC5C41E9C6B}.Debug|Any CPU.ActiveCfg = Debug|Any CPU
		{0EECE38B-CACD-497B-B20E-8FC5C41E9C6B}.Debug|Any CPU.Build.0 = Debug|Any CPU
		{0EECE38B-CACD-497B-B20E-8FC5C41E9C6B}.Release|Any CPU.ActiveCfg = Release|Any CPU
		{0EECE38B-CACD-497B-B20E-8FC5C41E9C6B}.Release|Any CPU.Build.0 = Release|Any CPU
		{A34F067F-D0CB-485F-BF62-9C9B91857896}.Debug|Any CPU.ActiveCfg = Debug|Any CPU
		{A34F067F-D0CB-485F-BF62-9C9B91857896}.Debug|Any CPU.Build.0 = Debug|Any CPU
		{A34F067F-D0CB-485F-BF62-9C9B91857896}.Release|Any CPU.ActiveCfg = Release|Any CPU
		{A34F067F-D0CB-485F-BF62-9C9B91857896}.Release|Any CPU.Build.0 = Release|Any CPU
		{264BB1AE-BC87-4773-AFCF-BA5E95DE031F}.Debug|Any CPU.ActiveCfg = Debug|Any CPU
		{264BB1AE-BC87-4773-AFCF-BA5E95DE031F}.Debug|Any CPU.Build.0 = Debug|Any CPU
		{264BB1AE-BC87-4773-AFCF-BA5E95DE031F}.Release|Any CPU.ActiveCfg = Release|Any CPU
		{264BB1AE-BC87-4773-AFCF-BA5E95DE031F}.Release|Any CPU.Build.0 = Release|Any CPU
		{F6EDA753-85D0-42FB-B72D-CF486F935CB4}.Debug|Any CPU.ActiveCfg = Debug|Any CPU
		{F6EDA753-85D0-42FB-B72D-CF486F935CB4}.Debug|Any CPU.Build.0 = Debug|Any CPU
		{F6EDA753-85D0-42FB-B72D-CF486F935CB4}.Release|Any CPU.ActiveCfg = Release|Any CPU
		{F6EDA753-85D0-42FB-B72D-CF486F935CB4}.Release|Any CPU.Build.0 = Release|Any CPU
		{C5B08123-77E2-4ECA-92DA-D19108CF4BCB}.Debug|Any CPU.ActiveCfg = Debug|Any CPU
		{C5B08123-77E2-4ECA-92DA-D19108CF4BCB}.Debug|Any CPU.Build.0 = Debug|Any CPU
		{C5B08123-77E2-4ECA-92DA-D19108CF4BCB}.Release|Any CPU.ActiveCfg = Release|Any CPU
		{C5B08123-77E2-4ECA-92DA-D19108CF4BCB}.Release|Any CPU.Build.0 = Release|Any CPU
		{C8277925-F15D-4ACF-83E3-11183C6258A1}.Debug|Any CPU.ActiveCfg = Debug|Any CPU
		{C8277925-F15D-4ACF-83E3-11183C6258A1}.Debug|Any CPU.Build.0 = Debug|Any CPU
		{C8277925-F15D-4ACF-83E3-11183C6258A1}.Release|Any CPU.ActiveCfg = Release|Any CPU
		{C8277925-F15D-4ACF-83E3-11183C6258A1}.Release|Any CPU.Build.0 = Release|Any CPU
		{36E725D1-0157-4E3C-A1BA-4D12C269F55C}.Debug|Any CPU.ActiveCfg = Debug|Any CPU
		{36E725D1-0157-4E3C-A1BA-4D12C269F55C}.Debug|Any CPU.Build.0 = Debug|Any CPU
		{36E725D1-0157-4E3C-A1BA-4D12C269F55C}.Release|Any CPU.ActiveCfg = Release|Any CPU
		{36E725D1-0157-4E3C-A1BA-4D12C269F55C}.Release|Any CPU.Build.0 = Release|Any CPU
		{BD8CC59B-4020-4CAE-A4D4-C126B86EB39B}.Debug|Any CPU.ActiveCfg = Debug|Any CPU
		{BD8CC59B-4020-4CAE-A4D4-C126B86EB39B}.Debug|Any CPU.Build.0 = Debug|Any CPU
		{BD8CC59B-4020-4CAE-A4D4-C126B86EB39B}.Release|Any CPU.ActiveCfg = Release|Any CPU
		{BD8CC59B-4020-4CAE-A4D4-C126B86EB39B}.Release|Any CPU.Build.0 = Release|Any CPU
		{4CA45F53-887E-4CB0-B2C9-83860EDA01D9}.Debug|Any CPU.ActiveCfg = Debug|Any CPU
		{4CA45F53-887E-4CB0-B2C9-83860EDA01D9}.Debug|Any CPU.Build.0 = Debug|Any CPU
		{4CA45F53-887E-4CB0-B2C9-83860EDA01D9}.Release|Any CPU.ActiveCfg = Release|Any CPU
		{4CA45F53-887E-4CB0-B2C9-83860EDA01D9}.Release|Any CPU.Build.0 = Release|Any CPU
		{23E1A4F5-0C9F-4EDB-9879-4F8F30518411}.Debug|Any CPU.ActiveCfg = Debug|Any CPU
		{23E1A4F5-0C9F-4EDB-9879-4F8F30518411}.Debug|Any CPU.Build.0 = Debug|Any CPU
		{23E1A4F5-0C9F-4EDB-9879-4F8F30518411}.Release|Any CPU.ActiveCfg = Release|Any CPU
		{23E1A4F5-0C9F-4EDB-9879-4F8F30518411}.Release|Any CPU.Build.0 = Release|Any CPU
	EndGlobalSection
	GlobalSection(SolutionProperties) = preSolution
		HideSolutionNode = FALSE
	EndGlobalSection
	GlobalSection(NestedProjects) = preSolution
		{7A49782D-DC88-4970-8745-D9E494DD8FC9} = {6D489573-EDCD-47B1-8F60-A6C1960385AD}
		{8CAD8AA2-43FA-4DF0-9465-D0A8456ECE11} = {6D489573-EDCD-47B1-8F60-A6C1960385AD}
		{71C3089E-0513-43AB-908E-4759D8684345} = {6D489573-EDCD-47B1-8F60-A6C1960385AD}
		{7CB05747-4921-4B5E-9645-39D34EA08071} = {6D489573-EDCD-47B1-8F60-A6C1960385AD}
		{FE7C8252-7ED5-40CD-900E-89FD7E898011} = {6D489573-EDCD-47B1-8F60-A6C1960385AD}
		{D1F00505-C43C-4CDC-B782-DFA349BBE32A} = {6D489573-EDCD-47B1-8F60-A6C1960385AD}
		{BD2B531B-8D25-4E24-86AE-746E59DDA0C2} = {6D489573-EDCD-47B1-8F60-A6C1960385AD}
		{C69271A2-2476-415B-B2BE-9B243C4EA0A1} = {6D489573-EDCD-47B1-8F60-A6C1960385AD}
		{0EECE38B-CACD-497B-B20E-8FC5C41E9C6B} = {6D489573-EDCD-47B1-8F60-A6C1960385AD}
		{A34F067F-D0CB-485F-BF62-9C9B91857896} = {81A1CC23-64F7-4F57-911A-B17AD86CF7FD}
		{264BB1AE-BC87-4773-AFCF-BA5E95DE031F} = {81A1CC23-64F7-4F57-911A-B17AD86CF7FD}
		{F6EDA753-85D0-42FB-B72D-CF486F935CB4} = {81A1CC23-64F7-4F57-911A-B17AD86CF7FD}
		{C5B08123-77E2-4ECA-92DA-D19108CF4BCB} = {81A1CC23-64F7-4F57-911A-B17AD86CF7FD}
		{C8277925-F15D-4ACF-83E3-11183C6258A1} = {81A1CC23-64F7-4F57-911A-B17AD86CF7FD}
		{36E725D1-0157-4E3C-A1BA-4D12C269F55C} = {81A1CC23-64F7-4F57-911A-B17AD86CF7FD}
		{BD8CC59B-4020-4CAE-A4D4-C126B86EB39B} = {81A1CC23-64F7-4F57-911A-B17AD86CF7FD}
		{4CA45F53-887E-4CB0-B2C9-83860EDA01D9} = {81A1CC23-64F7-4F57-911A-B17AD86CF7FD}
		{23E1A4F5-0C9F-4EDB-9879-4F8F30518411} = {81A1CC23-64F7-4F57-911A-B17AD86CF7FD}
	EndGlobalSection
	GlobalSection(ExtensibilityGlobals) = postSolution
		SolutionGuid = {A0FF69E1-5B98-446D-BCCA-8793A4AF02B7}
	EndGlobalSection
EndGlobal
